
Microsoft Visual Studio Solution File, Format Version 12.00
# Visual Studio Version 17
VisualStudioVersion = 17.2.32630.192
MinimumVisualStudioVersion = 10.0.40219.1
Project("{FAE04EC0-301F-11D3-BF4B-00C04F79EFBC}") = "MinhaAppVS", "MinhaAppVS\MinhaAppVS.csproj", "{EE605DDA-FD2E-42C8-A97B-5D01918309A7}"
EndProject
Global
	GlobalSection(SolutionConfigurationPlatforms) = preSolution
		Debug|Any CPU = Debug|Any CPU
		Release|Any CPU = Release|Any CPU
	EndGlobalSection
	GlobalSection(ProjectConfigurationPlatforms) = postSolution
		{EE605DDA-FD2E-42C8-A97B-5D01918309A7}.Debug|Any CPU.ActiveCfg = Debug|Any CPU
		{EE605DDA-FD2E-42C8-A97B-5D01918309A7}.Debug|Any CPU.Build.0 = Debug|Any CPU
		{EE605DDA-FD2E-42C8-A97B-5D01918309A7}.Release|Any CPU.ActiveCfg = Release|Any CPU
		{EE605DDA-FD2E-42C8-A97B-5D01918309A7}.Release|Any CPU.Build.0 = Release|Any CPU
	EndGlobalSection
	GlobalSection(SolutionProperties) = preSolution
		HideSolutionNode = FALSE
	EndGlobalSection
	GlobalSection(ExtensibilityGlobals) = postSolution
		SolutionGuid = {6300F1FC-387A-4863-BFBA-F9CD84FE9C14}
	EndGlobalSection
EndGlobal
